<?xml version="1.0" encoding="utf-8"?>
<Project ToolsVersion="4.0" xmlns="http://schemas.microsoft.com/developer/msbuild/2003">
  <ItemGroup>
    <Filter Include="3rd">
      <UniqueIdentifier>{593b20c2-af16-4663-9f6d-67b967bb63ca}</UniqueIdentifier>
    </Filter>
    <Filter Include="apps">
      <UniqueIdentifier>{8688e77a-e9d2-4efa-9c2e-f9070b8d5cbb}</UniqueIdentifier>
    </Filter>
    <Filter Include="netbus">
      <UniqueIdentifier>{f00186c1-82fd-4e75-9d5b-63d0278b3458}</UniqueIdentifier>
    </Filter>
    <Filter Include="utils">
      <UniqueIdentifier>{57f0526e-5b75-4182-86da-359f52f3a118}</UniqueIdentifier>
    </Filter>
    <Filter Include="apps\test">
      <UniqueIdentifier>{4b63ee91-1f75-4c67-a11e-c773b664087c}</UniqueIdentifier>
    </Filter>
    <Filter Include="3rd\libuv">
      <UniqueIdentifier>{7aea1b44-087f-4fb2-9bb4-87ac2b641824}</UniqueIdentifier>
    </Filter>
    <Filter Include="3rd\libuv\include">
      <UniqueIdentifier>{2e15cb50-a6ab-4e18-920a-c437526e9d9d}</UniqueIdentifier>
    </Filter>
    <Filter Include="3rd\libuv\src">
      <UniqueIdentifier>{f269236c-a173-4dd8-9e06-3f8cf77b3ecd}</UniqueIdentifier>
    </Filter>
    <Filter Include="3rd\libuv\src\win">
      <UniqueIdentifier>{8bca5190-47a5-45b6-b40b-18ffb2d69268}</UniqueIdentifier>
    </Filter>
    <Filter Include="3rd\crypto">
      <UniqueIdentifier>{31267a40-1a1a-4402-b72a-479e3ec743c5}</UniqueIdentifier>
    </Filter>
    <Filter Include="3rd\http_parser">
      <UniqueIdentifier>{5047429c-5ef5-48ea-b63b-fb2c6eb813ee}</UniqueIdentifier>
    </Filter>
    <Filter Include="apps\test\proto">
      <UniqueIdentifier>{adc84807-f4a1-4677-b792-2e201874e8fc}</UniqueIdentifier>
    </Filter>
  </ItemGroup>
  <ItemGroup>
    <ClCompile Include="..\apps\test\mainCpp.cpp">
      <Filter>apps\test</Filter>
    </ClCompile>
    <ClCompile Include="..\netbus\netbus.cpp">
      <Filter>netbus</Filter>
    </ClCompile>
    <ClCompile Include="..\3rd\libuv\src\win\async.c">
      <Filter>3rd\libuv\src\win</Filter>
    </ClCompile>
    <ClCompile Include="..\3rd\libuv\src\win\core.c">
      <Filter>3rd\libuv\src\win</Filter>
    </ClCompile>
    <ClCompile Include="..\3rd\libuv\src\win\dl.c">
      <Filter>3rd\libuv\src\win</Filter>
    </ClCompile>
    <ClCompile Include="..\3rd\libuv\src\win\error.c">
      <Filter>3rd\libuv\src\win</Filter>
    </ClCompile>
    <ClCompile Include="..\3rd\libuv\src\win\fs.c">
      <Filter>3rd\libuv\src\win</Filter>
    </ClCompile>
    <ClCompile Include="..\3rd\libuv\src\win\fs-event.c">
      <Filter>3rd\libuv\src\win</Filter>
    </ClCompile>
    <ClCompile Include="..\3rd\libuv\src\win\getaddrinfo.c">
      <Filter>3rd\libuv\src\win</Filter>
    </ClCompile>
    <ClCompile Include="..\3rd\libuv\src\win\getnameinfo.c">
      <Filter>3rd\libuv\src\win</Filter>
    </ClCompile>
    <ClCompile Include="..\3rd\libuv\src\win\handle.c">
      <Filter>3rd\libuv\src\win</Filter>
    </ClCompile>
    <ClCompile Include="..\3rd\libuv\src\win\loop-watcher.c">
      <Filter>3rd\libuv\src\win</Filter>
    </ClCompile>
    <ClCompile Include="..\3rd\libuv\src\win\pipe.c">
      <Filter>3rd\libuv\src\win</Filter>
    </ClCompile>
    <ClCompile Include="..\3rd\libuv\src\win\poll.c">
      <Filter>3rd\libuv\src\win</Filter>
    </ClCompile>
    <ClCompile Include="..\3rd\libuv\src\win\process.c">
      <Filter>3rd\libuv\src\win</Filter>
    </ClCompile>
    <ClCompile Include="..\3rd\libuv\src\win\process-stdio.c">
      <Filter>3rd\libuv\src\win</Filter>
    </ClCompile>
    <ClCompile Include="..\3rd\libuv\src\win\req.c">
      <Filter>3rd\libuv\src\win</Filter>
    </ClCompile>
    <ClCompile Include="..\3rd\libuv\src\win\signal.c">
      <Filter>3rd\libuv\src\win</Filter>
    </ClCompile>
    <ClCompile Include="..\3rd\libuv\src\win\snprintf.c">
      <Filter>3rd\libuv\src\win</Filter>
    </ClCompile>
    <ClCompile Include="..\3rd\libuv\src\win\stream.c">
      <Filter>3rd\libuv\src\win</Filter>
    </ClCompile>
    <ClCompile Include="..\3rd\libuv\src\win\tcp.c">
      <Filter>3rd\libuv\src\win</Filter>
    </ClCompile>
    <ClCompile Include="..\3rd\libuv\src\win\thread.c">
      <Filter>3rd\libuv\src\win</Filter>
    </ClCompile>
    <ClCompile Include="..\3rd\libuv\src\win\timer.c">
      <Filter>3rd\libuv\src\win</Filter>
    </ClCompile>
    <ClCompile Include="..\3rd\libuv\src\win\tty.c">
      <Filter>3rd\libuv\src\win</Filter>
    </ClCompile>
    <ClCompile Include="..\3rd\libuv\src\win\udp.c">
      <Filter>3rd\libuv\src\win</Filter>
    </ClCompile>
    <ClCompile Include="..\3rd\libuv\src\win\util.c">
      <Filter>3rd\libuv\src\win</Filter>
    </ClCompile>
    <ClCompile Include="..\3rd\libuv\src\win\winapi.c">
      <Filter>3rd\libuv\src\win</Filter>
    </ClCompile>
    <ClCompile Include="..\3rd\libuv\src\win\winsock.c">
      <Filter>3rd\libuv\src\win</Filter>
    </ClCompile>
    <ClCompile Include="..\3rd\libuv\src\fs-poll.c">
      <Filter>3rd\libuv\src</Filter>
    </ClCompile>
    <ClCompile Include="..\3rd\libuv\src\inet.c">
      <Filter>3rd\libuv\src</Filter>
    </ClCompile>
    <ClCompile Include="..\3rd\libuv\src\threadpool.c">
      <Filter>3rd\libuv\src</Filter>
    </ClCompile>
    <ClCompile Include="..\3rd\libuv\src\uv-common.c">
      <Filter>3rd\libuv\src</Filter>
    </ClCompile>
    <ClCompile Include="..\3rd\libuv\src\version.c">
      <Filter>3rd\libuv\src</Filter>
    </ClCompile>
    <ClCompile Include="..\netbus\uv_session.cpp">
      <Filter>netbus</Filter>
    </ClCompile>
    <ClCompile Include="..\3rd\crypto\base64_decoder.c">
      <Filter>3rd\crypto</Filter>
    </ClCompile>
    <ClCompile Include="..\3rd\crypto\base64_encoder.c">
      <Filter>3rd\crypto</Filter>
    </ClCompile>
    <ClCompile Include="..\3rd\crypto\md5.c">
      <Filter>3rd\crypto</Filter>
    </ClCompile>
    <ClCompile Include="..\3rd\crypto\sha1.c">
      <Filter>3rd\crypto</Filter>
    </ClCompile>
    <ClCompile Include="..\3rd\http_parser\http_parser.c">
      <Filter>3rd\http_parser</Filter>
    </ClCompile>
    <ClCompile Include="..\utils\cache_alloc.c">
      <Filter>utils</Filter>
    </ClCompile>
    <ClCompile Include="..\netbus\tp_protocol.cpp">
      <Filter>netbus</Filter>
    </ClCompile>
    <ClCompile Include="..\netbus\ws_protocol.cpp">
      <Filter>netbus</Filter>
    </ClCompile>
    <ClCompile Include="..\netbus\proto_man.cpp">
      <Filter>netbus</Filter>
    </ClCompile>
  </ItemGroup>
  <ItemGroup>
    <ClInclude Include="..\netbus\netbus.h">
      <Filter>netbus</Filter>
    </ClInclude>
    <ClInclude Include="..\3rd\libuv\include\android-ifaddrs.h">
      <Filter>3rd\libuv\include</Filter>
    </ClInclude>
    <ClInclude Include="..\3rd\libuv\include\pthread-barrier.h">
      <Filter>3rd\libuv\include</Filter>
    </ClInclude>
    <ClInclude Include="..\3rd\libuv\include\stdint-msvc2008.h">
      <Filter>3rd\libuv\include</Filter>
    </ClInclude>
    <ClInclude Include="..\3rd\libuv\include\tree.h">
      <Filter>3rd\libuv\include</Filter>
    </ClInclude>
    <ClInclude Include="..\3rd\libuv\include\uv.h">
      <Filter>3rd\libuv\include</Filter>
    </ClInclude>
    <ClInclude Include="..\3rd\libuv\include\uv-aix.h">
      <Filter>3rd\libuv\include</Filter>
    </ClInclude>
    <ClInclude Include="..\3rd\libuv\include\uv-bsd.h">
      <Filter>3rd\libuv\include</Filter>
    </ClInclude>
    <ClInclude Include="..\3rd\libuv\include\uv-darwin.h">
      <Filter>3rd\libuv\include</Filter>
    </ClInclude>
    <ClInclude Include="..\3rd\libuv\include\uv-errno.h">
      <Filter>3rd\libuv\include</Filter>
    </ClInclude>
    <ClInclude Include="..\3rd\libuv\include\uv-linux.h">
      <Filter>3rd\libuv\include</Filter>
    </ClInclude>
    <ClInclude Include="..\3rd\libuv\include\uv-sunos.h">
      <Filter>3rd\libuv\include</Filter>
    </ClInclude>
    <ClInclude Include="..\3rd\libuv\include\uv-threadpool.h">
      <Filter>3rd\libuv\include</Filter>
    </ClInclude>
    <ClInclude Include="..\3rd\libuv\include\uv-unix.h">
      <Filter>3rd\libuv\include</Filter>
    </ClInclude>
    <ClInclude Include="..\3rd\libuv\include\uv-version.h">
      <Filter>3rd\libuv\include</Filter>
    </ClInclude>
    <ClInclude Include="..\3rd\libuv\include\uv-win.h">
      <Filter>3rd\libuv\include</Filter>
    </ClInclude>
    <ClInclude Include="..\3rd\libuv\src\win\atomicops-inl.h">
      <Filter>3rd\libuv\src\win</Filter>
    </ClInclude>
    <ClInclude Include="..\3rd\libuv\src\win\handle-inl.h">
      <Filter>3rd\libuv\src\win</Filter>
    </ClInclude>
    <ClInclude Include="..\3rd\libuv\src\win\internal.h">
      <Filter>3rd\libuv\src\win</Filter>
    </ClInclude>
    <ClInclude Include="..\3rd\libuv\src\win\req-inl.h">
      <Filter>3rd\libuv\src\win</Filter>
    </ClInclude>
    <ClInclude Include="..\3rd\libuv\src\win\stream-inl.h">
      <Filter>3rd\libuv\src\win</Filter>
    </ClInclude>
    <ClInclude Include="..\3rd\libuv\src\win\winapi.h">
      <Filter>3rd\libuv\src\win</Filter>
    </ClInclude>
    <ClInclude Include="..\3rd\libuv\src\win\winsock.h">
      <Filter>3rd\libuv\src\win</Filter>
    </ClInclude>
    <ClInclude Include="..\3rd\libuv\src\heap-inl.h">
      <Filter>3rd\libuv\src</Filter>
    </ClInclude>
    <ClInclude Include="..\3rd\libuv\src\queue.h">
      <Filter>3rd\libuv\src</Filter>
    </ClInclude>
    <ClInclude Include="..\3rd\libuv\src\uv-common.h">
      <Filter>3rd\libuv\src</Filter>
    </ClInclude>
    <ClInclude Include="..\netbus\session.h">
      <Filter>netbus</Filter>
    </ClInclude>
    <ClInclude Include="..\netbus\uv_session.h">
      <Filter>netbus</Filter>
    </ClInclude>
    <ClInclude Include="..\utils\cache_alloc.h">
      <Filter>utils</Filter>
    </ClInclude>
    <ClInclude Include="..\3rd\crypto\base64_decoder.h">
      <Filter>3rd\crypto</Filter>
    </ClInclude>
    <ClInclude Include="..\3rd\crypto\base64_encoder.h">
      <Filter>3rd\crypto</Filter>
    </ClInclude>
    <ClInclude Include="..\3rd\crypto\md5.h">
      <Filter>3rd\crypto</Filter>
    </ClInclude>
    <ClInclude Include="..\3rd\crypto\sha1.h">
      <Filter>3rd\crypto</Filter>
    </ClInclude>
    <ClInclude Include="..\3rd\http_parser\http_parser.h">
      <Filter>3rd\http_parser</Filter>
    </ClInclude>
    <ClInclude Include="..\netbus\ws_protocol.h">
      <Filter>netbus</Filter>
    </ClInclude>
    <ClInclude Include="..\netbus\tp_protocol.h">
      <Filter>netbus</Filter>
    </ClInclude>
    <ClInclude Include="..\netbus\proto_man.h">
      <Filter>netbus</Filter>
    </ClInclude>
  </ItemGroup>
</Project>